
Microsoft Visual Studio Solution File, Format Version 12.00
# Visual Studio Version 16
VisualStudioVersion = 16.0.32126.315
MinimumVisualStudioVersion = 10.0.40219.1
Project("{FAE04EC0-301F-11D3-BF4B-00C04F79EFBC}") = "WebBackupAPI", "WebBackupAPI\WebBackupAPI.csproj", "{2406125C-9107-464A-AFAE-B35096874ECA}"
EndProject
Global
	GlobalSection(SolutionConfigurationPlatforms) = preSolution
		Debug|Any CPU = Debug|Any CPU
		Release|Any CPU = Release|Any CPU
	EndGlobalSection
	GlobalSection(ProjectConfigurationPlatforms) = postSolution
		{2406125C-9107-464A-AFAE-B35096874ECA}.Debug|Any CPU.ActiveCfg = Debug|Any CPU
		{2406125C-9107-464A-AFAE-B35096874ECA}.Debug|Any CPU.Build.0 = Debug|Any CPU
		{2406125C-9107-464A-AFAE-B35096874ECA}.Release|Any CPU.ActiveCfg = Release|Any CPU
		{2406125C-9107-464A-AFAE-B35096874ECA}.Release|Any CPU.Build.0 = Release|Any CPU
	EndGlobalSection
	GlobalSection(SolutionProperties) = preSolution
		HideSolutionNode = FALSE
	EndGlobalSection
	GlobalSection(ExtensibilityGlobals) = postSolution
		SolutionGuid = {CE6A6372-0416-4023-96BD-5FA83C16BA64}
	EndGlobalSection
EndGlobal
